
Microsoft Visual Studio Solution File, Format Version 12.00
# Visual Studio 15
VisualStudioVersion = 15.0.28307.779
MinimumVisualStudioVersion = 10.0.40219.1
Project("{FAE04EC0-301F-11D3-BF4B-00C04F79EFBC}") = "WpfMVVMDataGrid", "WpfMVVMDataGrid\WpfMVVMDataGrid.csproj", "{5264C4BB-E78D-4376-BB64-801C5147F9B6}"
EndProject
Global
	GlobalSection(SolutionConfigurationPlatforms) = preSolution
		Debug|Any CPU = Debug|Any CPU
		Release|Any CPU = Release|Any CPU
	EndGlobalSection
	GlobalSection(ProjectConfigurationPlatforms) = postSolution
		{5264C4BB-E78D-4376-BB64-801C5147F9B6}.Debug|Any CPU.ActiveCfg = Debug|Any CPU
		{5264C4BB-E78D-4376-BB64-801C5147F9B6}.Debug|Any CPU.Build.0 = Debug|Any CPU
		{5264C4BB-E78D-4376-BB64-801C5147F9B6}.Release|Any CPU.ActiveCfg = Release|Any CPU
		{5264C4BB-E78D-4376-BB64-801C5147F9B6}.Release|Any CPU.Build.0 = Release|Any CPU
	EndGlobalSection
	GlobalSection(SolutionProperties) = preSolution
		HideSolutionNode = FALSE
	EndGlobalSection
	GlobalSection(ExtensibilityGlobals) = postSolution
		SolutionGuid = {2FC3A2E7-8039-4779-BD11-E7BD4AC7D3E2}
	EndGlobalSection
EndGlobal
